
Microsoft Visual Studio Solution File, Format Version 12.00
# Visual Studio Version 17
VisualStudioVersion = 17.7.34024.191
MinimumVisualStudioVersion = 10.0.40219.1
Project("{8BC9CEB8-8B4A-11D0-8D11-00A0C91BC942}") = "lab 7 ap sem2", "lab 7 ap sem2\lab 7 ap sem2.vcxproj", "{E16A54D7-AA85-49EA-90C7-33E354D9F5F6}"
EndProject
Global
	GlobalSection(SolutionConfigurationPlatforms) = preSolution
		Debug|x64 = Debug|x64
		Debug|x86 = Debug|x86
		Release|x64 = Release|x64
		Release|x86 = Release|x86
	EndGlobalSection
	GlobalSection(ProjectConfigurationPlatforms) = postSolution
		{E16A54D7-AA85-49EA-90C7-33E354D9F5F6}.Debug|x64.ActiveCfg = Debug|x64
		{E16A54D7-AA85-49EA-90C7-33E354D9F5F6}.Debug|x64.Build.0 = Debug|x64
		{E16A54D7-AA85-49EA-90C7-33E354D9F5F6}.Debug|x86.ActiveCfg = Debug|Win32
		{E16A54D7-AA85-49EA-90C7-33E354D9F5F6}.Debug|x86.Build.0 = Debug|Win32
		{E16A54D7-AA85-49EA-90C7-33E354D9F5F6}.Release|x64.ActiveCfg = Release|x64
		{E16A54D7-AA85-49EA-90C7-33E354D9F5F6}.Release|x64.Build.0 = Release|x64
		{E16A54D7-AA85-49EA-90C7-33E354D9F5F6}.Release|x86.ActiveCfg = Release|Win32
		{E16A54D7-AA85-49EA-90C7-33E354D9F5F6}.Release|x86.Build.0 = Release|Win32
	EndGlobalSection
	GlobalSection(SolutionProperties) = preSolution
		HideSolutionNode = FALSE
	EndGlobalSection
	GlobalSection(ExtensibilityGlobals) = postSolution
		SolutionGuid = {D1FD129B-9F96-4D1D-B235-1EBE1993B428}
	EndGlobalSection
EndGlobal
